
Microsoft Visual Studio Solution File, Format Version 12.00
# Visual Studio 14
VisualStudioVersion = 14.0.25420.1
MinimumVisualStudioVersion = 10.0.40219.1
Project("{FAE04EC0-301F-11D3-BF4B-00C04F79EFBC}") = "GameOfLife.Console.CS", "GameOfLife.Console.CS.csproj", "{51F33061-88E2-4F41-B1BE-4AF39CBF048A}"
EndProject
Project("{FAE04EC0-301F-11D3-BF4B-00C04F79EFBC}") = "GameOfLife.Console.CSTests", "..\GameOfLife.Console.CSTests\GameOfLife.Console.CSTests.csproj", "{04090ABB-AD5D-4246-93DC-1BD088BA232B}"
EndProject
Global
	GlobalSection(SolutionConfigurationPlatforms) = preSolution
		Debug|Any CPU = Debug|Any CPU
		Release|Any CPU = Release|Any CPU
	EndGlobalSection
	GlobalSection(ProjectConfigurationPlatforms) = postSolution
		{51F33061-88E2-4F41-B1BE-4AF39CBF048A}.Debug|Any CPU.ActiveCfg = Debug|Any CPU
		{51F33061-88E2-4F41-B1BE-4AF39CBF048A}.Debug|Any CPU.Build.0 = Debug|Any CPU
		{51F33061-88E2-4F41-B1BE-4AF39CBF048A}.Release|Any CPU.ActiveCfg = Release|Any CPU
		{51F33061-88E2-4F41-B1BE-4AF39CBF048A}.Release|Any CPU.Build.0 = Release|Any CPU
		{04090ABB-AD5D-4246-93DC-1BD088BA232B}.Debug|Any CPU.ActiveCfg = Debug|Any CPU
		{04090ABB-AD5D-4246-93DC-1BD088BA232B}.Debug|Any CPU.Build.0 = Debug|Any CPU
		{04090ABB-AD5D-4246-93DC-1BD088BA232B}.Release|Any CPU.ActiveCfg = Release|Any CPU
		{04090ABB-AD5D-4246-93DC-1BD088BA232B}.Release|Any CPU.Build.0 = Release|Any CPU
	EndGlobalSection
	GlobalSection(SolutionProperties) = preSolution
		HideSolutionNode = FALSE
	EndGlobalSection
EndGlobal
